// !$*UTF8*$!
{
	archiveVersion = 1;
	classes = {
	};
	objectVersion = 46;
	objects = {

/* Begin PBXBuildFile section */
		11FAC163D383B9681C37223F /* CoreMedia.framework in Frameworks */ = {isa = PBXBuildFile; fileRef = D81D3D516EC8DCA1AC97A8EF /* CoreMedia.framework */; };
		14972CB77498379FD34C4DAC /* include_juce_core.mm in Sources */ = {isa = PBXBuildFile; fileRef = 89DCB06A31010DFB50917531 /* include_juce_core.mm */; };
		1F8EB34FA1930725EE7F7201 /* SineComponent.cpp in Sources */ = {isa = PBXBuildFile; fileRef = 20BACA9626428022B4DE48D3 /* SineComponent.cpp */; };
		24B79368B238939E60858ED1 /* RecentFilesMenuTemplate.nib in Resources */ = {isa = PBXBuildFile; fileRef = DEDE8B634BB4093A86CB7EFA /* RecentFilesMenuTemplate.nib */; };
		3A95DEE4942B55E51C0DA66A /* include_juce_audio_basics.mm in Sources */ = {isa = PBXBuildFile; fileRef = 9C5948B45D449C9CF54E6800 /* include_juce_audio_basics.mm */; };
		3C681F030ABF2F343390EDC6 /* CoreAudio.framework in Frameworks */ = {isa = PBXBuildFile; fileRef = FAFA1FE4653DE17AE229A760 /* CoreAudio.framework */; };
		405A60B1B88DF7686355D923 /* include_juce_data_structures.mm in Sources */ = {isa = PBXBuildFile; fileRef = B97CEB11CD303F89D0EEB9DB /* include_juce_data_structures.mm */; };
		4805D7ADA8C554DF5DA00128 /* include_juce_opengl.mm in Sources */ = {isa = PBXBuildFile; fileRef = DB04FDCA92E280C6C5B7980C /* include_juce_opengl.mm */; };
		4ADC22F21F41354E4FECC195 /* QuartzCore.framework in Frameworks */ = {isa = PBXBuildFile; fileRef = C12E6ED3948BD592AFF5DD10 /* QuartzCore.framework */; };
		4F70F5A0B93E604974D09511 /* include_juce_events.mm in Sources */ = {isa = PBXBuildFile; fileRef = BC4E9CEEB33707DDD68CFA63 /* include_juce_events.mm */; };
		5FBDB86BCCDD5531FC8603D2 /* Cocoa.framework in Frameworks */ = {isa = PBXBuildFile; fileRef = 21CD982BED0A1E73B17BC0EC /* Cocoa.framework */; };
		6BDC13B26726B36EE3633D22 /* include_juce_audio_devices.mm in Sources */ = {isa = PBXBuildFile; fileRef = 79CC2F72A3A24D2486B19D48 /* include_juce_audio_devices.mm */; };
		6CE1744911CBFD36631464C3 /* include_juce_gui_basics.mm in Sources */ = {isa = PBXBuildFile; fileRef = 939C921ACEEDC0A2C9899DFD /* include_juce_gui_basics.mm */; };
		709CB9B6E6CA7DAC2245B853 /* MainComponent.cpp in Sources */ = {isa = PBXBuildFile; fileRef = ED6B8408AADF86306EE34BC6 /* MainComponent.cpp */; };
		7922A56E5E6AE0118B1C3425 /* DiscRecording.framework in Frameworks */ = {isa = PBXBuildFile; fileRef = 3BD752A4E054997FB125AE8C /* DiscRecording.framework */; };
		85E8CA382FB113E3469AAD47 /* Accelerate.framework in Frameworks */ = {isa = PBXBuildFile; fileRef = 295F88772FE5C5660E01903A /* Accelerate.framework */; };
		87F14B497CC59973110F6589 /* SquareWave.cpp in Sources */ = {isa = PBXBuildFile; fileRef = 71118E7B409E86D4C34FED8A /* SquareWave.cpp */; };
		A76EA922F06E2C69EFFC37DB /* Main.cpp in Sources */ = {isa = PBXBuildFile; fileRef = D33DC921CE1AE913DB2C3847 /* Main.cpp */; };
		AEBB8F3F55560B77712E88C9 /* IOKit.framework in Frameworks */ = {isa = PBXBuildFile; fileRef = 83C05C3FC4D1B86C29C22B0E /* IOKit.framework */; };
		B2E5E82509914CA3CABF8902 /* HarmonizerComponent.cpp in Sources */ = {isa = PBXBuildFile; fileRef = 02653729C525A8C9920B535F /* HarmonizerComponent.cpp */; };
		B6AEDB5312E0D80F7CF06704 /* include_juce_audio_formats.mm in Sources */ = {isa = PBXBuildFile; fileRef = 68620DDE912C6BEDF0462AFA /* include_juce_audio_formats.mm */; };
		BA653E50D64738FC836FC060 /* MainGUI.cpp in Sources */ = {isa = PBXBuildFile; fileRef = 760B86FE7E2A98B74E845FCE /* MainGUI.cpp */; };
		BF7A872A761B0A8DF7310402 /* Carbon.framework in Frameworks */ = {isa = PBXBuildFile; fileRef = 00496331E94C55D117CC1EAC /* Carbon.framework */; };
		C403D1C230F8388A3CA396CE /* include_juce_graphics.mm in Sources */ = {isa = PBXBuildFile; fileRef = EC27D8CC6F16C1D496B4774D /* include_juce_graphics.mm */; };
		C9246371F76FCF95E7FF7D2B /* CoreMIDI.framework in Frameworks */ = {isa = PBXBuildFile; fileRef = 9DCF7C9A1D6A3579CC77639A /* CoreMIDI.framework */; };
		CFF71034255D6D9834E529DA /* WebKit.framework in Frameworks */ = {isa = PBXBuildFile; fileRef = 29069AF84440AF26205386E9 /* WebKit.framework */; };
		D0A8097BEFA944044CA18F04 /* AVFoundation.framework in Frameworks */ = {isa = PBXBuildFile; fileRef = 0B56616C1C623A66CE8D7E0C /* AVFoundation.framework */; };
		D39786FFCAB6011FD61F5292 /* AVKit.framework in Frameworks */ = {isa = PBXBuildFile; fileRef = 8BA38CA98DBA04BF2D5ABA5F /* AVKit.framework */; };
		D47A83537EDA8960D06C8505 /* include_juce_gui_extra.mm in Sources */ = {isa = PBXBuildFile; fileRef = EBB83331934267AA2490D4F9 /* include_juce_gui_extra.mm */; };
		EA1115B04BC3C22C9AC8B7E0 /* include_juce_video.mm in Sources */ = {isa = PBXBuildFile; fileRef = B499B49397AF41C49565EFF5 /* include_juce_video.mm */; };
		EE289578438EBE6511D60A78 /* include_juce_cryptography.mm in Sources */ = {isa = PBXBuildFile; fileRef = FAECAA8D8A946525002B3A88 /* include_juce_cryptography.mm */; };
		F27B638325B8850821D047EF /* OpenGL.framework in Frameworks */ = {isa = PBXBuildFile; fileRef = 496D92F65440D59AE0532116 /* OpenGL.framework */; };
		F4644A8CB9BE0FC6CFE0F67D /* include_juce_audio_utils.mm in Sources */ = {isa = PBXBuildFile; fileRef = 99F1BA37C4669AA6E864E7F0 /* include_juce_audio_utils.mm */; };
		FA722220F96E5DE0EA7C2BF9 /* include_juce_osc.cpp in Sources */ = {isa = PBXBuildFile; fileRef = 09838A1624DE45B2F2B586F0 /* include_juce_osc.cpp */; };
		FCAEC4C28AC99D993FF717D9 /* AudioToolbox.framework in Frameworks */ = {isa = PBXBuildFile; fileRef = 34D9D3C9251DD39D1F5D1D44 /* AudioToolbox.framework */; };
		FDE95A8A4E7151164BA2780E /* include_juce_audio_processors.mm in Sources */ = {isa = PBXBuildFile; fileRef = 37445610AB0255EAC8B6E34E /* include_juce_audio_processors.mm */; };
/* End PBXBuildFile section */

/* Begin PBXFileReference section */
		00496331E94C55D117CC1EAC /* Carbon.framework */ = {isa = PBXFileReference; lastKnownFileType = wrapper.framework; name = Carbon.framework; path = System/Library/Frameworks/Carbon.framework; sourceTree = SDKROOT; };
		0116A166B635E602C7EB02CD /* juce_gui_extra */ = {isa = PBXFileReference; lastKnownFileType = folder; name = juce_gui_extra; path = /Users/danielgray/dev/JUCE/modules/juce_gui_extra; sourceTree = "<absolute>"; };
		02653729C525A8C9920B535F /* HarmonizerComponent.cpp */ = {isa = PBXFileReference; lastKnownFileType = sourcecode.cpp.cpp; name = HarmonizerComponent.cpp; path = ../../Source/HarmonizerComponent.cpp; sourceTree = SOURCE_ROOT; };
		02B4C6DCACD8BDDC28986F35 /* juce_graphics */ = {isa = PBXFileReference; lastKnownFileType = folder; name = juce_graphics; path = /Users/danielgray/dev/JUCE/modules/juce_graphics; sourceTree = "<absolute>"; };
		09838A1624DE45B2F2B586F0 /* include_juce_osc.cpp */ = {isa = PBXFileReference; lastKnownFileType = sourcecode.cpp.cpp; name = include_juce_osc.cpp; path = ../../JuceLibraryCode/include_juce_osc.cpp; sourceTree = SOURCE_ROOT; };
		0B56616C1C623A66CE8D7E0C /* AVFoundation.framework */ = {isa = PBXFileReference; lastKnownFileType = wrapper.framework; name = AVFoundation.framework; path = System/Library/Frameworks/AVFoundation.framework; sourceTree = SDKROOT; };
		0ECA21BDDF8F9A36F7941408 /* JuceHeader.h */ = {isa = PBXFileReference; lastKnownFileType = sourcecode.c.h; name = JuceHeader.h; path = ../../JuceLibraryCode/JuceHeader.h; sourceTree = SOURCE_ROOT; };
		180EE339CAFB4610D1E01C50 /* juce_gui_basics */ = {isa = PBXFileReference; lastKnownFileType = folder; name = juce_gui_basics; path = /Users/danielgray/dev/JUCE/modules/juce_gui_basics; sourceTree = "<absolute>"; };
		1C98D2EEB1D49242840A1EC9 /* juce_audio_basics */ = {isa = PBXFileReference; lastKnownFileType = folder; name = juce_audio_basics; path = /Users/danielgray/dev/JUCE/modules/juce_audio_basics; sourceTree = "<absolute>"; };
		1D2659F3DA49076BA041456A /* juce_events */ = {isa = PBXFileReference; lastKnownFileType = folder; name = juce_events; path = /Users/danielgray/dev/JUCE/modules/juce_events; sourceTree = "<absolute>"; };
		20BACA9626428022B4DE48D3 /* SineComponent.cpp */ = {isa = PBXFileReference; lastKnownFileType = sourcecode.cpp.cpp; name = SineComponent.cpp; path = ../../Source/SineComponent.cpp; sourceTree = SOURCE_ROOT; };
		21CD982BED0A1E73B17BC0EC /* Cocoa.framework */ = {isa = PBXFileReference; lastKnownFileType = wrapper.framework; name = Cocoa.framework; path = System/Library/Frameworks/Cocoa.framework; sourceTree = SDKROOT; };
		29069AF84440AF26205386E9 /* WebKit.framework */ = {isa = PBXFileReference; lastKnownFileType = wrapper.framework; name = WebKit.framework; path = System/Library/Frameworks/WebKit.framework; sourceTree = SDKROOT; };
		295F88772FE5C5660E01903A /* Accelerate.framework */ = {isa = PBXFileReference; lastKnownFileType = wrapper.framework; name = Accelerate.framework; path = System/Library/Frameworks/Accelerate.framework; sourceTree = SDKROOT; };
		2A969EB9E41032E9408648F9 /* AppConfig.h */ = {isa = PBXFileReference; lastKnownFileType = sourcecode.c.h; name = AppConfig.h; path = ../../JuceLibraryCode/AppConfig.h; sourceTree = SOURCE_ROOT; };
		340096355229A40A840862A5 /* MainGUI.h */ = {isa = PBXFileReference; lastKnownFileType = sourcecode.c.h; name = MainGUI.h; path = ../../Source/MainGUI.h; sourceTree = SOURCE_ROOT; };
		34D9D3C9251DD39D1F5D1D44 /* AudioToolbox.framework */ = {isa = PBXFileReference; lastKnownFileType = wrapper.framework; name = AudioToolbox.framework; path = System/Library/Frameworks/AudioToolbox.framework; sourceTree = SDKROOT; };
		37445610AB0255EAC8B6E34E /* include_juce_audio_processors.mm */ = {isa = PBXFileReference; lastKnownFileType = sourcecode.cpp.objcpp; name = include_juce_audio_processors.mm; path = ../../JuceLibraryCode/include_juce_audio_processors.mm; sourceTree = SOURCE_ROOT; };
		3BD752A4E054997FB125AE8C /* DiscRecording.framework */ = {isa = PBXFileReference; lastKnownFileType = wrapper.framework; name = DiscRecording.framework; path = System/Library/Frameworks/DiscRecording.framework; sourceTree = SDKROOT; };
		496D92F65440D59AE0532116 /* OpenGL.framework */ = {isa = PBXFileReference; lastKnownFileType = wrapper.framework; name = OpenGL.framework; path = System/Library/Frameworks/OpenGL.framework; sourceTree = SDKROOT; };
		68620DDE912C6BEDF0462AFA /* include_juce_audio_formats.mm */ = {isa = PBXFileReference; lastKnownFileType = sourcecode.cpp.objcpp; name = include_juce_audio_formats.mm; path = ../../JuceLibraryCode/include_juce_audio_formats.mm; sourceTree = SOURCE_ROOT; };
		6932958DE296BCFE9E33AD3C /* juce_video */ = {isa = PBXFileReference; lastKnownFileType = folder; name = juce_video; path = /Users/danielgray/dev/JUCE/modules/juce_video; sourceTree = "<absolute>"; };
		6E9F3B9A29F09F40774DD292 /* juce_data_structures */ = {isa = PBXFileReference; lastKnownFileType = folder; name = juce_data_structures; path = /Users/danielgray/dev/JUCE/modules/juce_data_structures; sourceTree = "<absolute>"; };
		71118E7B409E86D4C34FED8A /* SquareWave.cpp */ = {isa = PBXFileReference; lastKnownFileType = sourcecode.cpp.cpp; name = SquareWave.cpp; path = ../../Source/SquareWave.cpp; sourceTree = SOURCE_ROOT; };
		760B86FE7E2A98B74E845FCE /* MainGUI.cpp */ = {isa = PBXFileReference; lastKnownFileType = sourcecode.cpp.cpp; name = MainGUI.cpp; path = ../../Source/MainGUI.cpp; sourceTree = SOURCE_ROOT; };
		79CC2F72A3A24D2486B19D48 /* include_juce_audio_devices.mm */ = {isa = PBXFileReference; lastKnownFileType = sourcecode.cpp.objcpp; name = include_juce_audio_devices.mm; path = ../../JuceLibraryCode/include_juce_audio_devices.mm; sourceTree = SOURCE_ROOT; };
		7ED4C7630C06849A5B7E7386 /* SineComponent.h */ = {isa = PBXFileReference; lastKnownFileType = sourcecode.c.h; name = SineComponent.h; path = ../../Source/SineComponent.h; sourceTree = SOURCE_ROOT; };
		83C05C3FC4D1B86C29C22B0E /* IOKit.framework */ = {isa = PBXFileReference; lastKnownFileType = wrapper.framework; name = IOKit.framework; path = System/Library/Frameworks/IOKit.framework; sourceTree = SDKROOT; };
		89DCB06A31010DFB50917531 /* include_juce_core.mm */ = {isa = PBXFileReference; lastKnownFileType = sourcecode.cpp.objcpp; name = include_juce_core.mm; path = ../../JuceLibraryCode/include_juce_core.mm; sourceTree = SOURCE_ROOT; };
		8BA38CA98DBA04BF2D5ABA5F /* AVKit.framework */ = {isa = PBXFileReference; lastKnownFileType = wrapper.framework; name = AVKit.framework; path = System/Library/Frameworks/AVKit.framework; sourceTree = SDKROOT; };
		8F8BF89BABA3A8EB095745FF /* juce_audio_formats */ = {isa = PBXFileReference; lastKnownFileType = folder; name = juce_audio_formats; path = /Users/danielgray/dev/JUCE/modules/juce_audio_formats; sourceTree = "<absolute>"; };
		8FAA2F47C231040C76E67881 /* SquareWave.h */ = {isa = PBXFileReference; lastKnownFileType = sourcecode.c.h; name = SquareWave.h; path = ../../Source/SquareWave.h; sourceTree = SOURCE_ROOT; };
		939C921ACEEDC0A2C9899DFD /* include_juce_gui_basics.mm */ = {isa = PBXFileReference; lastKnownFileType = sourcecode.cpp.objcpp; name = include_juce_gui_basics.mm; path = ../../JuceLibraryCode/include_juce_gui_basics.mm; sourceTree = SOURCE_ROOT; };
		991ED7D7A53C29EA96D709A3 /* juce_audio_processors */ = {isa = PBXFileReference; lastKnownFileType = folder; name = juce_audio_processors; path = /Users/danielgray/dev/JUCE/modules/juce_audio_processors; sourceTree = "<absolute>"; };
		99F1BA37C4669AA6E864E7F0 /* include_juce_audio_utils.mm */ = {isa = PBXFileReference; lastKnownFileType = sourcecode.cpp.objcpp; name = include_juce_audio_utils.mm; path = ../../JuceLibraryCode/include_juce_audio_utils.mm; sourceTree = SOURCE_ROOT; };
		9C5948B45D449C9CF54E6800 /* include_juce_audio_basics.mm */ = {isa = PBXFileReference; lastKnownFileType = sourcecode.cpp.objcpp; name = include_juce_audio_basics.mm; path = ../../JuceLibraryCode/include_juce_audio_basics.mm; sourceTree = SOURCE_ROOT; };
		9DCF7C9A1D6A3579CC77639A /* CoreMIDI.framework */ = {isa = PBXFileReference; lastKnownFileType = wrapper.framework; name = CoreMIDI.framework; path = System/Library/Frameworks/CoreMIDI.framework; sourceTree = SDKROOT; };
		A1838A934F6B842319112179 /* juce_audio_devices */ = {isa = PBXFileReference; lastKnownFileType = folder; name = juce_audio_devices; path = /Users/danielgray/dev/JUCE/modules/juce_audio_devices; sourceTree = "<absolute>"; };
		B04FE6FA0A08433313161224 /* juce_osc */ = {isa = PBXFileReference; lastKnownFileType = folder; name = juce_osc; path = /Users/danielgray/dev/JUCE/modules/juce_osc; sourceTree = "<absolute>"; };
		B499B49397AF41C49565EFF5 /* include_juce_video.mm */ = {isa = PBXFileReference; lastKnownFileType = sourcecode.cpp.objcpp; name = include_juce_video.mm; path = ../../JuceLibraryCode/include_juce_video.mm; sourceTree = SOURCE_ROOT; };
		B97CEB11CD303F89D0EEB9DB /* include_juce_data_structures.mm */ = {isa = PBXFileReference; lastKnownFileType = sourcecode.cpp.objcpp; name = include_juce_data_structures.mm; path = ../../JuceLibraryCode/include_juce_data_structures.mm; sourceTree = SOURCE_ROOT; };
		BC4E9CEEB33707DDD68CFA63 /* include_juce_events.mm */ = {isa = PBXFileReference; lastKnownFileType = sourcecode.cpp.objcpp; name = include_juce_events.mm; path = ../../JuceLibraryCode/include_juce_events.mm; sourceTree = SOURCE_ROOT; };
		BEA7B2EDC1D0AF27DD194507 /* juce_cryptography */ = {isa = PBXFileReference; lastKnownFileType = folder; name = juce_cryptography; path = /Users/danielgray/dev/JUCE/modules/juce_cryptography; sourceTree = "<absolute>"; };
		C12E6ED3948BD592AFF5DD10 /* QuartzCore.framework */ = {isa = PBXFileReference; lastKnownFileType = wrapper.framework; name = QuartzCore.framework; path = System/Library/Frameworks/QuartzCore.framework; sourceTree = SDKROOT; };
		CF433CC442B77B1FA1406877 /* juce_core */ = {isa = PBXFileReference; lastKnownFileType = folder; name = juce_core; path = /Users/danielgray/dev/JUCE/modules/juce_core; sourceTree = "<absolute>"; };
		D215EF820ECB23A689716FA9 /* Info-App.plist */ = {isa = PBXFileReference; lastKnownFileType = text.plist.xml; path = "Info-App.plist"; sourceTree = SOURCE_ROOT; };
		D33DC921CE1AE913DB2C3847 /* Main.cpp */ = {isa = PBXFileReference; lastKnownFileType = sourcecode.cpp.cpp; name = Main.cpp; path = ../../Source/Main.cpp; sourceTree = SOURCE_ROOT; };
		D441EFC9D70488E8A9CC0172 /* juce_audio_utils */ = {isa = PBXFileReference; lastKnownFileType = folder; name = juce_audio_utils; path = /Users/danielgray/dev/JUCE/modules/juce_audio_utils; sourceTree = "<absolute>"; };
		D81D3D516EC8DCA1AC97A8EF /* CoreMedia.framework */ = {isa = PBXFileReference; lastKnownFileType = wrapper.framework; name = CoreMedia.framework; path = System/Library/Frameworks/CoreMedia.framework; sourceTree = SDKROOT; };
		DA88F1101B7B5BFF058655F0 /* pi-theremin.app */ = {isa = PBXFileReference; explicitFileType = wrapper.application; includeInIndex = 0; path = "pi-theremin.app"; sourceTree = BUILT_PRODUCTS_DIR; };
		DB04FDCA92E280C6C5B7980C /* include_juce_opengl.mm */ = {isa = PBXFileReference; lastKnownFileType = sourcecode.cpp.objcpp; name = include_juce_opengl.mm; path = ../../JuceLibraryCode/include_juce_opengl.mm; sourceTree = SOURCE_ROOT; };
		DEDE8B634BB4093A86CB7EFA /* RecentFilesMenuTemplate.nib */ = {isa = PBXFileReference; lastKnownFileType = file.nib; path = RecentFilesMenuTemplate.nib; sourceTree = SOURCE_ROOT; };
		E74C393921DC348096C88B05 /* juce_opengl */ = {isa = PBXFileReference; lastKnownFileType = folder; name = juce_opengl; path = /Users/danielgray/dev/JUCE/modules/juce_opengl; sourceTree = "<absolute>"; };
		EBB83331934267AA2490D4F9 /* include_juce_gui_extra.mm */ = {isa = PBXFileReference; lastKnownFileType = sourcecode.cpp.objcpp; name = include_juce_gui_extra.mm; path = ../../JuceLibraryCode/include_juce_gui_extra.mm; sourceTree = SOURCE_ROOT; };
		EC27D8CC6F16C1D496B4774D /* include_juce_graphics.mm */ = {isa = PBXFileReference; lastKnownFileType = sourcecode.cpp.objcpp; name = include_juce_graphics.mm; path = ../../JuceLibraryCode/include_juce_graphics.mm; sourceTree = SOURCE_ROOT; };
		ED6B8408AADF86306EE34BC6 /* MainComponent.cpp */ = {isa = PBXFileReference; lastKnownFileType = sourcecode.cpp.cpp; name = MainComponent.cpp; path = ../../Source/MainComponent.cpp; sourceTree = SOURCE_ROOT; };
		FAECAA8D8A946525002B3A88 /* include_juce_cryptography.mm */ = {isa = PBXFileReference; lastKnownFileType = sourcecode.cpp.objcpp; name = include_juce_cryptography.mm; path = ../../JuceLibraryCode/include_juce_cryptography.mm; sourceTree = SOURCE_ROOT; };
		FAFA1FE4653DE17AE229A760 /* CoreAudio.framework */ = {isa = PBXFileReference; lastKnownFileType = wrapper.framework; name = CoreAudio.framework; path = System/Library/Frameworks/CoreAudio.framework; sourceTree = SDKROOT; };
		FFBC5E23BB2BF37D097698E2 /* HarmonizerComponent.h */ = {isa = PBXFileReference; lastKnownFileType = sourcecode.c.h; name = HarmonizerComponent.h; path = ../../Source/HarmonizerComponent.h; sourceTree = SOURCE_ROOT; };
/* End PBXFileReference section */

/* Begin PBXFrameworksBuildPhase section */
		63BB441DA1B27CDD3CF64C1C /* Frameworks */ = {
			isa = PBXFrameworksBuildPhase;
			buildActionMask = 2147483647;
			files = (
				85E8CA382FB113E3469AAD47 /* Accelerate.framework in Frameworks */,
				FCAEC4C28AC99D993FF717D9 /* AudioToolbox.framework in Frameworks */,
				D0A8097BEFA944044CA18F04 /* AVFoundation.framework in Frameworks */,
				D39786FFCAB6011FD61F5292 /* AVKit.framework in Frameworks */,
				BF7A872A761B0A8DF7310402 /* Carbon.framework in Frameworks */,
				5FBDB86BCCDD5531FC8603D2 /* Cocoa.framework in Frameworks */,
				3C681F030ABF2F343390EDC6 /* CoreAudio.framework in Frameworks */,
				11FAC163D383B9681C37223F /* CoreMedia.framework in Frameworks */,
				C9246371F76FCF95E7FF7D2B /* CoreMIDI.framework in Frameworks */,
				7922A56E5E6AE0118B1C3425 /* DiscRecording.framework in Frameworks */,
				AEBB8F3F55560B77712E88C9 /* IOKit.framework in Frameworks */,
				F27B638325B8850821D047EF /* OpenGL.framework in Frameworks */,
				4ADC22F21F41354E4FECC195 /* QuartzCore.framework in Frameworks */,
				CFF71034255D6D9834E529DA /* WebKit.framework in Frameworks */,
			);
			runOnlyForDeploymentPostprocessing = 0;
		};
/* End PBXFrameworksBuildPhase section */

/* Begin PBXGroup section */
		063162D450076E3BB2FDDFE3 /* pi-theremin */ = {
			isa = PBXGroup;
			children = (
				FF23067496EBC43395A49BBA /* Source */,
				02653729C525A8C9920B535F /* HarmonizerComponent.cpp */,
				FFBC5E23BB2BF37D097698E2 /* HarmonizerComponent.h */,
				760B86FE7E2A98B74E845FCE /* MainGUI.cpp */,
				340096355229A40A840862A5 /* MainGUI.h */,
				20BACA9626428022B4DE48D3 /* SineComponent.cpp */,
				7ED4C7630C06849A5B7E7386 /* SineComponent.h */,
				71118E7B409E86D4C34FED8A /* SquareWave.cpp */,
				8FAA2F47C231040C76E67881 /* SquareWave.h */,
			);
			name = "pi-theremin";
			sourceTree = "<group>";
		};
		1DBC2FA47E75081677F4B701 /* Frameworks */ = {
			isa = PBXGroup;
			children = (
				295F88772FE5C5660E01903A /* Accelerate.framework */,
				34D9D3C9251DD39D1F5D1D44 /* AudioToolbox.framework */,
				0B56616C1C623A66CE8D7E0C /* AVFoundation.framework */,
				8BA38CA98DBA04BF2D5ABA5F /* AVKit.framework */,
				00496331E94C55D117CC1EAC /* Carbon.framework */,
				21CD982BED0A1E73B17BC0EC /* Cocoa.framework */,
				FAFA1FE4653DE17AE229A760 /* CoreAudio.framework */,
				D81D3D516EC8DCA1AC97A8EF /* CoreMedia.framework */,
				9DCF7C9A1D6A3579CC77639A /* CoreMIDI.framework */,
				3BD752A4E054997FB125AE8C /* DiscRecording.framework */,
				83C05C3FC4D1B86C29C22B0E /* IOKit.framework */,
				496D92F65440D59AE0532116 /* OpenGL.framework */,
				C12E6ED3948BD592AFF5DD10 /* QuartzCore.framework */,
				29069AF84440AF26205386E9 /* WebKit.framework */,
			);
			name = Frameworks;
			sourceTree = "<group>";
		};
		56037C7D5239DB7ABADB3859 /* Products */ = {
			isa = PBXGroup;
			children = (
				DA88F1101B7B5BFF058655F0 /* pi-theremin.app */,
			);
			name = Products;
			sourceTree = "<group>";
		};
		9EB923624CAD711E1187DA36 /* Source */ = {
			isa = PBXGroup;
			children = (
				063162D450076E3BB2FDDFE3 /* pi-theremin */,
				A1A876D14E2B3FBC2C45918A /* Juce Modules */,
				DAC624C20F28CC623DD77589 /* Juce Library Code */,
				ACF7B0A98E0C2353BF2335D7 /* Resources */,
				1DBC2FA47E75081677F4B701 /* Frameworks */,
				56037C7D5239DB7ABADB3859 /* Products */,
			);
			name = Source;
			sourceTree = "<group>";
		};
		A1A876D14E2B3FBC2C45918A /* Juce Modules */ = {
			isa = PBXGroup;
			children = (
				1C98D2EEB1D49242840A1EC9 /* juce_audio_basics */,
				A1838A934F6B842319112179 /* juce_audio_devices */,
				8F8BF89BABA3A8EB095745FF /* juce_audio_formats */,
				991ED7D7A53C29EA96D709A3 /* juce_audio_processors */,
				D441EFC9D70488E8A9CC0172 /* juce_audio_utils */,
				CF433CC442B77B1FA1406877 /* juce_core */,
				BEA7B2EDC1D0AF27DD194507 /* juce_cryptography */,
				6E9F3B9A29F09F40774DD292 /* juce_data_structures */,
				1D2659F3DA49076BA041456A /* juce_events */,
				02B4C6DCACD8BDDC28986F35 /* juce_graphics */,
				180EE339CAFB4610D1E01C50 /* juce_gui_basics */,
				0116A166B635E602C7EB02CD /* juce_gui_extra */,
				E74C393921DC348096C88B05 /* juce_opengl */,
				B04FE6FA0A08433313161224 /* juce_osc */,
				6932958DE296BCFE9E33AD3C /* juce_video */,
			);
			name = "Juce Modules";
			sourceTree = "<group>";
		};
		ACF7B0A98E0C2353BF2335D7 /* Resources */ = {
			isa = PBXGroup;
			children = (
				D215EF820ECB23A689716FA9 /* Info-App.plist */,
				DEDE8B634BB4093A86CB7EFA /* RecentFilesMenuTemplate.nib */,
			);
			name = Resources;
			sourceTree = "<group>";
		};
		DAC624C20F28CC623DD77589 /* Juce Library Code */ = {
			isa = PBXGroup;
			children = (
				2A969EB9E41032E9408648F9 /* AppConfig.h */,
				9C5948B45D449C9CF54E6800 /* include_juce_audio_basics.mm */,
				79CC2F72A3A24D2486B19D48 /* include_juce_audio_devices.mm */,
				68620DDE912C6BEDF0462AFA /* include_juce_audio_formats.mm */,
				37445610AB0255EAC8B6E34E /* include_juce_audio_processors.mm */,
				99F1BA37C4669AA6E864E7F0 /* include_juce_audio_utils.mm */,
				89DCB06A31010DFB50917531 /* include_juce_core.mm */,
				FAECAA8D8A946525002B3A88 /* include_juce_cryptography.mm */,
				B97CEB11CD303F89D0EEB9DB /* include_juce_data_structures.mm */,
				BC4E9CEEB33707DDD68CFA63 /* include_juce_events.mm */,
				EC27D8CC6F16C1D496B4774D /* include_juce_graphics.mm */,
				939C921ACEEDC0A2C9899DFD /* include_juce_gui_basics.mm */,
				EBB83331934267AA2490D4F9 /* include_juce_gui_extra.mm */,
				DB04FDCA92E280C6C5B7980C /* include_juce_opengl.mm */,
				09838A1624DE45B2F2B586F0 /* include_juce_osc.cpp */,
				B499B49397AF41C49565EFF5 /* include_juce_video.mm */,
				0ECA21BDDF8F9A36F7941408 /* JuceHeader.h */,
			);
			name = "Juce Library Code";
			sourceTree = "<group>";
		};
		FF23067496EBC43395A49BBA /* Source */ = {
			isa = PBXGroup;
			children = (
				ED6B8408AADF86306EE34BC6 /* MainComponent.cpp */,
				D33DC921CE1AE913DB2C3847 /* Main.cpp */,
			);
			name = Source;
			sourceTree = "<group>";
		};
/* End PBXGroup section */

/* Begin PBXNativeTarget section */
		81A53EDC9A23FB472E2D6905 /* pi-theremin - App */ = {
			isa = PBXNativeTarget;
			buildConfigurationList = 09314D744E038D8571FCBD2F /* Build configuration list for PBXNativeTarget "pi-theremin - App" */;
			buildPhases = (
				AC261CCD3A08C2B3E861A207 /* Resources */,
				9FAB2C7C898354F730DAB90B /* Sources */,
				63BB441DA1B27CDD3CF64C1C /* Frameworks */,
			);
			buildRules = (
			);
			dependencies = (
			);
			name = "pi-theremin - App";
			productName = "pi-theremin";
			productReference = DA88F1101B7B5BFF058655F0 /* pi-theremin.app */;
			productType = "com.apple.product-type.application";
		};
/* End PBXNativeTarget section */

/* Begin PBXProject section */
		A813AF93E2CBF324A95A6E41 /* Project object */ = {
			isa = PBXProject;
			attributes = {
				LastUpgradeCheck = 0830;
				TargetAttributes = {
					81A53EDC9A23FB472E2D6905 = {
						SystemCapabilities = {
							com.apple.ApplicationGroups.iOS = {
								enabled = 0;
							};
							com.apple.InAppPurchase = {
								enabled = 0;
							};
							com.apple.InterAppAudio = {
								enabled = 0;
							};
							com.apple.Push = {
								enabled = 0;
							};
							com.apple.Sandbox = {
								enabled = 0;
							};
						};
					};
				};
			};
			buildConfigurationList = D7055DD39F110EB117F157A5 /* Build configuration list for PBXProject "pi-theremin" */;
			compatibilityVersion = "Xcode 3.2";
			developmentRegion = en;
			hasScannedForEncodings = 0;
			knownRegions = (
				en,
			);
			mainGroup = 9EB923624CAD711E1187DA36 /* Source */;
			projectDirPath = "";
			projectRoot = "";
			targets = (
				81A53EDC9A23FB472E2D6905 /* pi-theremin - App */,
			);
		};
/* End PBXProject section */

/* Begin PBXResourcesBuildPhase section */
		AC261CCD3A08C2B3E861A207 /* Resources */ = {
			isa = PBXResourcesBuildPhase;
			buildActionMask = 2147483647;
			files = (
				24B79368B238939E60858ED1 /* RecentFilesMenuTemplate.nib in Resources */,
			);
			runOnlyForDeploymentPostprocessing = 0;
		};
/* End PBXResourcesBuildPhase section */

/* Begin PBXSourcesBuildPhase section */
		9FAB2C7C898354F730DAB90B /* Sources */ = {
			isa = PBXSourcesBuildPhase;
			buildActionMask = 2147483647;
			files = (
				709CB9B6E6CA7DAC2245B853 /* MainComponent.cpp in Sources */,
				A76EA922F06E2C69EFFC37DB /* Main.cpp in Sources */,
				B2E5E82509914CA3CABF8902 /* HarmonizerComponent.cpp in Sources */,
				BA653E50D64738FC836FC060 /* MainGUI.cpp in Sources */,
				1F8EB34FA1930725EE7F7201 /* SineComponent.cpp in Sources */,
				87F14B497CC59973110F6589 /* SquareWave.cpp in Sources */,
				3A95DEE4942B55E51C0DA66A /* include_juce_audio_basics.mm in Sources */,
				6BDC13B26726B36EE3633D22 /* include_juce_audio_devices.mm in Sources */,
				B6AEDB5312E0D80F7CF06704 /* include_juce_audio_formats.mm in Sources */,
				FDE95A8A4E7151164BA2780E /* include_juce_audio_processors.mm in Sources */,
				F4644A8CB9BE0FC6CFE0F67D /* include_juce_audio_utils.mm in Sources */,
				14972CB77498379FD34C4DAC /* include_juce_core.mm in Sources */,
				EE289578438EBE6511D60A78 /* include_juce_cryptography.mm in Sources */,
				405A60B1B88DF7686355D923 /* include_juce_data_structures.mm in Sources */,
				4F70F5A0B93E604974D09511 /* include_juce_events.mm in Sources */,
				C403D1C230F8388A3CA396CE /* include_juce_graphics.mm in Sources */,
				6CE1744911CBFD36631464C3 /* include_juce_gui_basics.mm in Sources */,
				D47A83537EDA8960D06C8505 /* include_juce_gui_extra.mm in Sources */,
				4805D7ADA8C554DF5DA00128 /* include_juce_opengl.mm in Sources */,
				FA722220F96E5DE0EA7C2BF9 /* include_juce_osc.cpp in Sources */,
				EA1115B04BC3C22C9AC8B7E0 /* include_juce_video.mm in Sources */,
			);
			runOnlyForDeploymentPostprocessing = 0;
		};
/* End PBXSourcesBuildPhase section */

/* Begin XCBuildConfiguration section */
		A2D1D2CA007C2BDFE63775A8 /* Debug */ = {
			isa = XCBuildConfiguration;
			buildSettings = {
				CLANG_CXX_LANGUAGE_STANDARD = "c++11";
				CLANG_LINK_OBJC_RUNTIME = NO;
				COMBINE_HIDPI_IMAGES = YES;
				CONFIGURATION_BUILD_DIR = "$(PROJECT_DIR)/build/$(CONFIGURATION)";
				COPY_PHASE_STRIP = NO;
				GCC_DYNAMIC_NO_PIC = NO;
				GCC_OPTIMIZATION_LEVEL = 0;
				GCC_PREPROCESSOR_DEFINITIONS = (
					"_DEBUG=1",
					"DEBUG=1",
					"JUCER_XCODE_MAC_F6D2F4CF=1",
					"JUCE_APP_VERSION=1.0.0",
					"JUCE_APP_VERSION_HEX=0x10000",
					"JucePlugin_Build_VST=0",
					"JucePlugin_Build_VST3=0",
					"JucePlugin_Build_AU=0",
					"JucePlugin_Build_AUv3=0",
					"JucePlugin_Build_RTAS=0",
					"JucePlugin_Build_AAX=0",
					"JucePlugin_Build_Standalone=0",
				);
				GCC_VERSION = com.apple.compilers.llvm.clang.1_0;
				HEADER_SEARCH_PATHS = (
					../../JuceLibraryCode,
					/Users/danielgray/dev/JUCE/modules,
					"$(inherited)",
				);
				INFOPLIST_FILE = "Info-App.plist";
				INFOPLIST_PREPROCESS = NO;
				INSTALL_PATH = "$(HOME)/Applications";
				MACOSX_DEPLOYMENT_TARGET = 10.11;
				MACOSX_DEPLOYMENT_TARGET_ppc = 10.4;
				PRODUCT_BUNDLE_IDENTIFIER = com.yourcompany.pitheremin;
				SDKROOT_ppc = macosx10.5;
				USE_HEADERMAP = NO;
			};
			name = Debug;
		};
		C7DBE7879E4A3351D51FFEF0 /* Release */ = {
			isa = XCBuildConfiguration;
			buildSettings = {
				ALWAYS_SEARCH_USER_PATHS = NO;
				CLANG_WARN_BLOCK_CAPTURE_AUTORELEASING = YES;
				CLANG_WARN_BOOL_CONVERSION = YES;
				CLANG_WARN_COMMA = YES;
				CLANG_WARN_CONSTANT_CONVERSION = YES;
				CLANG_WARN_EMPTY_BODY = YES;
				CLANG_WARN_ENUM_CONVERSION = YES;
				CLANG_WARN_INFINITE_RECURSION = YES;
				CLANG_WARN_INT_CONVERSION = YES;
				CLANG_WARN_NON_LITERAL_NULL_CONVERSION = YES;
				CLANG_WARN_OBJC_LITERAL_CONVERSION = YES;
				CLANG_WARN_RANGE_LOOP_ANALYSIS = YES;
				CLANG_WARN_STRICT_PROTOTYPES = YES;
				CLANG_WARN_SUSPICIOUS_MOVE = YES;
				CLANG_WARN_UNREACHABLE_CODE = YES;
				CLANG_WARN__DUPLICATE_METHOD_MATCH = YES;
				DEBUG_INFORMATION_FORMAT = dwarf;
				ENABLE_STRICT_OBJC_MSGSEND = YES;
				GCC_C_LANGUAGE_STANDARD = c11;
				GCC_INLINES_ARE_PRIVATE_EXTERN = YES;
				GCC_MODEL_TUNING = G5;
				GCC_NO_COMMON_BLOCKS = YES;
				GCC_WARN_64_TO_32_BIT_CONVERSION = YES;
				GCC_WARN_ABOUT_RETURN_TYPE = YES;
				GCC_WARN_CHECK_SWITCH_STATEMENTS = YES;
				GCC_WARN_MISSING_PARENTHESES = YES;
				GCC_WARN_NON_VIRTUAL_DESTRUCTOR = YES;
				GCC_WARN_TYPECHECK_CALLS_TO_PRINTF = YES;
				GCC_WARN_UNDECLARED_SELECTOR = YES;
				GCC_WARN_UNINITIALIZED_AUTOS = YES;
				GCC_WARN_UNUSED_FUNCTION = YES;
				GCC_WARN_UNUSED_VARIABLE = YES;
				PRODUCT_NAME = "pi-theremin";
				WARNING_CFLAGS = "-Wreorder";
				ZERO_LINK = NO;
			};
			name = Release;
		};
		DB38812F628815B6ACB5CC83 /* Release */ = {
			isa = XCBuildConfiguration;
			buildSettings = {
				CLANG_CXX_LANGUAGE_STANDARD = "c++11";
				CLANG_LINK_OBJC_RUNTIME = NO;
				COMBINE_HIDPI_IMAGES = YES;
				CONFIGURATION_BUILD_DIR = "$(PROJECT_DIR)/build/$(CONFIGURATION)";
				DEAD_CODE_STRIPPING = YES;
				GCC_GENERATE_DEBUGGING_SYMBOLS = NO;
				GCC_OPTIMIZATION_LEVEL = 3;
				GCC_PREPROCESSOR_DEFINITIONS = (
					"_NDEBUG=1",
					"NDEBUG=1",
					"JUCER_XCODE_MAC_F6D2F4CF=1",
					"JUCE_APP_VERSION=1.0.0",
					"JUCE_APP_VERSION_HEX=0x10000",
					"JucePlugin_Build_VST=0",
					"JucePlugin_Build_VST3=0",
					"JucePlugin_Build_AU=0",
					"JucePlugin_Build_AUv3=0",
					"JucePlugin_Build_RTAS=0",
					"JucePlugin_Build_AAX=0",
					"JucePlugin_Build_Standalone=0",
				);
				GCC_SYMBOLS_PRIVATE_EXTERN = YES;
				GCC_VERSION = com.apple.compilers.llvm.clang.1_0;
				HEADER_SEARCH_PATHS = (
					../../JuceLibraryCode,
					/Users/danielgray/dev/JUCE/modules,
					"$(inherited)",
				);
				INFOPLIST_FILE = "Info-App.plist";
				INFOPLIST_PREPROCESS = NO;
				INSTALL_PATH = "$(HOME)/Applications";
				LLVM_LTO = YES;
				MACOSX_DEPLOYMENT_TARGET = 10.11;
				MACOSX_DEPLOYMENT_TARGET_ppc = 10.4;
				PRODUCT_BUNDLE_IDENTIFIER = com.yourcompany.pitheremin;
				SDKROOT_ppc = macosx10.5;
				USE_HEADERMAP = NO;
			};
			name = Release;
		};
		EC1BBE8CA962918C28EE4483 /* Debug */ = {
			isa = XCBuildConfiguration;
			buildSettings = {
				ALWAYS_SEARCH_USER_PATHS = NO;
				CLANG_WARN_BLOCK_CAPTURE_AUTORELEASING = YES;
				CLANG_WARN_BOOL_CONVERSION = YES;
				CLANG_WARN_COMMA = YES;
				CLANG_WARN_CONSTANT_CONVERSION = YES;
				CLANG_WARN_EMPTY_BODY = YES;
				CLANG_WARN_ENUM_CONVERSION = YES;
				CLANG_WARN_INFINITE_RECURSION = YES;
				CLANG_WARN_INT_CONVERSION = YES;
				CLANG_WARN_NON_LITERAL_NULL_CONVERSION = YES;
				CLANG_WARN_OBJC_LITERAL_CONVERSION = YES;
				CLANG_WARN_RANGE_LOOP_ANALYSIS = YES;
				CLANG_WARN_STRICT_PROTOTYPES = YES;
				CLANG_WARN_SUSPICIOUS_MOVE = YES;
				CLANG_WARN_UNREACHABLE_CODE = YES;
				CLANG_WARN__DUPLICATE_METHOD_MATCH = YES;
				DEBUG_INFORMATION_FORMAT = dwarf;
				ENABLE_STRICT_OBJC_MSGSEND = YES;
				ENABLE_TESTABILITY = YES;
				GCC_C_LANGUAGE_STANDARD = c11;
				GCC_INLINES_ARE_PRIVATE_EXTERN = YES;
				GCC_MODEL_TUNING = G5;
				GCC_NO_COMMON_BLOCKS = YES;
				GCC_WARN_64_TO_32_BIT_CONVERSION = YES;
				GCC_WARN_ABOUT_RETURN_TYPE = YES;
				GCC_WARN_CHECK_SWITCH_STATEMENTS = YES;
				GCC_WARN_MISSING_PARENTHESES = YES;
				GCC_WARN_NON_VIRTUAL_DESTRUCTOR = YES;
				GCC_WARN_TYPECHECK_CALLS_TO_PRINTF = YES;
				GCC_WARN_UNDECLARED_SELECTOR = YES;
				GCC_WARN_UNINITIALIZED_AUTOS = YES;
				GCC_WARN_UNUSED_FUNCTION = YES;
				GCC_WARN_UNUSED_VARIABLE = YES;
				ONLY_ACTIVE_ARCH = YES;
				PRODUCT_NAME = "pi-theremin";
				WARNING_CFLAGS = "-Wreorder";
				ZERO_LINK = NO;
			};
			name = Debug;
		};
/* End XCBuildConfiguration section */

/* Begin XCConfigurationList section */
		09314D744E038D8571FCBD2F /* Build configuration list for PBXNativeTarget "pi-theremin - App" */ = {
			isa = XCConfigurationList;
			buildConfigurations = (
				A2D1D2CA007C2BDFE63775A8 /* Debug */,
				DB38812F628815B6ACB5CC83 /* Release */,
			);
			defaultConfigurationIsVisible = 0;
			defaultConfigurationName = Debug;
		};
		D7055DD39F110EB117F157A5 /* Build configuration list for PBXProject "pi-theremin" */ = {
			isa = XCConfigurationList;
			buildConfigurations = (
				EC1BBE8CA962918C28EE4483 /* Debug */,
				C7DBE7879E4A3351D51FFEF0 /* Release */,
			);
			defaultConfigurationIsVisible = 0;
			defaultConfigurationName = Debug;
		};
/* End XCConfigurationList section */
	};
	rootObject = A813AF93E2CBF324A95A6E41 /* Project object */;
}
