// !$*UTF8*$!
{
	archiveVersion = 1;
	classes = {
	};
	objectVersion = 46;
	objects = {

		BA930DD7F8AD7AEF47C784BD = {isa = PBXBuildFile; fileRef = DA88F1101B7B5BFF058655F0; };
		85E8CA382FB113E3469AAD47 = {isa = PBXBuildFile; fileRef = 295F88772FE5C5660E01903A; };
		FCAEC4C28AC99D993FF717D9 = {isa = PBXBuildFile; fileRef = 34D9D3C9251DD39D1F5D1D44; };
		D0A8097BEFA944044CA18F04 = {isa = PBXBuildFile; fileRef = 0B56616C1C623A66CE8D7E0C; };
		D39786FFCAB6011FD61F5292 = {isa = PBXBuildFile; fileRef = 8BA38CA98DBA04BF2D5ABA5F; };
		BF7A872A761B0A8DF7310402 = {isa = PBXBuildFile; fileRef = 00496331E94C55D117CC1EAC; };
		5FBDB86BCCDD5531FC8603D2 = {isa = PBXBuildFile; fileRef = 21CD982BED0A1E73B17BC0EC; };
		3C681F030ABF2F343390EDC6 = {isa = PBXBuildFile; fileRef = FAFA1FE4653DE17AE229A760; };
		11FAC163D383B9681C37223F = {isa = PBXBuildFile; fileRef = D81D3D516EC8DCA1AC97A8EF; };
		C9246371F76FCF95E7FF7D2B = {isa = PBXBuildFile; fileRef = 9DCF7C9A1D6A3579CC77639A; };
		7922A56E5E6AE0118B1C3425 = {isa = PBXBuildFile; fileRef = 3BD752A4E054997FB125AE8C; };
		AEBB8F3F55560B77712E88C9 = {isa = PBXBuildFile; fileRef = 83C05C3FC4D1B86C29C22B0E; };
		F27B638325B8850821D047EF = {isa = PBXBuildFile; fileRef = 496D92F65440D59AE0532116; };
		4ADC22F21F41354E4FECC195 = {isa = PBXBuildFile; fileRef = C12E6ED3948BD592AFF5DD10; };
		CFF71034255D6D9834E529DA = {isa = PBXBuildFile; fileRef = 29069AF84440AF26205386E9; };
		24B79368B238939E60858ED1 = {isa = PBXBuildFile; fileRef = DEDE8B634BB4093A86CB7EFA; };
		709CB9B6E6CA7DAC2245B853 = {isa = PBXBuildFile; fileRef = ED6B8408AADF86306EE34BC6; };
		A76EA922F06E2C69EFFC37DB = {isa = PBXBuildFile; fileRef = D33DC921CE1AE913DB2C3847; };
		B2E5E82509914CA3CABF8902 = {isa = PBXBuildFile; fileRef = 02653729C525A8C9920B535F; };
		BA653E50D64738FC836FC060 = {isa = PBXBuildFile; fileRef = 760B86FE7E2A98B74E845FCE; };
		1F8EB34FA1930725EE7F7201 = {isa = PBXBuildFile; fileRef = 20BACA9626428022B4DE48D3; };
		87F14B497CC59973110F6589 = {isa = PBXBuildFile; fileRef = 71118E7B409E86D4C34FED8A; };
		3A95DEE4942B55E51C0DA66A = {isa = PBXBuildFile; fileRef = 9C5948B45D449C9CF54E6800; };
		6BDC13B26726B36EE3633D22 = {isa = PBXBuildFile; fileRef = 79CC2F72A3A24D2486B19D48; };
		B6AEDB5312E0D80F7CF06704 = {isa = PBXBuildFile; fileRef = 68620DDE912C6BEDF0462AFA; };
		FDE95A8A4E7151164BA2780E = {isa = PBXBuildFile; fileRef = 37445610AB0255EAC8B6E34E; };
		F4644A8CB9BE0FC6CFE0F67D = {isa = PBXBuildFile; fileRef = 99F1BA37C4669AA6E864E7F0; };
		14972CB77498379FD34C4DAC = {isa = PBXBuildFile; fileRef = 89DCB06A31010DFB50917531; };
		EE289578438EBE6511D60A78 = {isa = PBXBuildFile; fileRef = FAECAA8D8A946525002B3A88; };
		405A60B1B88DF7686355D923 = {isa = PBXBuildFile; fileRef = B97CEB11CD303F89D0EEB9DB; };
		4F70F5A0B93E604974D09511 = {isa = PBXBuildFile; fileRef = BC4E9CEEB33707DDD68CFA63; };
		C403D1C230F8388A3CA396CE = {isa = PBXBuildFile; fileRef = EC27D8CC6F16C1D496B4774D; };
		6CE1744911CBFD36631464C3 = {isa = PBXBuildFile; fileRef = 939C921ACEEDC0A2C9899DFD; };
		D47A83537EDA8960D06C8505 = {isa = PBXBuildFile; fileRef = EBB83331934267AA2490D4F9; };
		4805D7ADA8C554DF5DA00128 = {isa = PBXBuildFile; fileRef = DB04FDCA92E280C6C5B7980C; };
		FA722220F96E5DE0EA7C2BF9 = {isa = PBXBuildFile; fileRef = 09838A1624DE45B2F2B586F0; };
		EA1115B04BC3C22C9AC8B7E0 = {isa = PBXBuildFile; fileRef = B499B49397AF41C49565EFF5; };
		00496331E94C55D117CC1EAC = {isa = PBXFileReference; lastKnownFileType = wrapper.framework; name = Carbon.framework; path = System/Library/Frameworks/Carbon.framework; sourceTree = SDKROOT; };
		02653729C525A8C9920B535F = {isa = PBXFileReference; lastKnownFileType = sourcecode.cpp.cpp; name = HarmonizerComponent.cpp; path = ../../Source/HarmonizerComponent.cpp; sourceTree = "SOURCE_ROOT"; };
		09838A1624DE45B2F2B586F0 = {isa = PBXFileReference; lastKnownFileType = sourcecode.cpp.cpp; name = "include_juce_osc.cpp"; path = "../../JuceLibraryCode/include_juce_osc.cpp"; sourceTree = "SOURCE_ROOT"; };
		0B56616C1C623A66CE8D7E0C = {isa = PBXFileReference; lastKnownFileType = wrapper.framework; name = AVFoundation.framework; path = System/Library/Frameworks/AVFoundation.framework; sourceTree = SDKROOT; };
		0ECA21BDDF8F9A36F7941408 = {isa = PBXFileReference; lastKnownFileType = sourcecode.c.h; name = JuceHeader.h; path = ../../JuceLibraryCode/JuceHeader.h; sourceTree = "SOURCE_ROOT"; };
		187C6E9A29090882DFD8A27F = {isa = PBXFileReference; lastKnownFileType = file; name = "juce_audio_processors"; path = "~/JUCE/modules/juce_audio_processors"; sourceTree = "<absolute>"; };
		20BACA9626428022B4DE48D3 = {isa = PBXFileReference; lastKnownFileType = sourcecode.cpp.cpp; name = SineComponent.cpp; path = ../../Source/SineComponent.cpp; sourceTree = "SOURCE_ROOT"; };
		21CD982BED0A1E73B17BC0EC = {isa = PBXFileReference; lastKnownFileType = wrapper.framework; name = Cocoa.framework; path = System/Library/Frameworks/Cocoa.framework; sourceTree = SDKROOT; };
		29069AF84440AF26205386E9 = {isa = PBXFileReference; lastKnownFileType = wrapper.framework; name = WebKit.framework; path = System/Library/Frameworks/WebKit.framework; sourceTree = SDKROOT; };
		295F88772FE5C5660E01903A = {isa = PBXFileReference; lastKnownFileType = wrapper.framework; name = Accelerate.framework; path = System/Library/Frameworks/Accelerate.framework; sourceTree = SDKROOT; };
		2A969EB9E41032E9408648F9 = {isa = PBXFileReference; lastKnownFileType = sourcecode.c.h; name = AppConfig.h; path = ../../JuceLibraryCode/AppConfig.h; sourceTree = "SOURCE_ROOT"; };
		340096355229A40A840862A5 = {isa = PBXFileReference; lastKnownFileType = sourcecode.c.h; name = MainGUI.h; path = ../../Source/MainGUI.h; sourceTree = "SOURCE_ROOT"; };
		34D9D3C9251DD39D1F5D1D44 = {isa = PBXFileReference; lastKnownFileType = wrapper.framework; name = AudioToolbox.framework; path = System/Library/Frameworks/AudioToolbox.framework; sourceTree = SDKROOT; };
		37445610AB0255EAC8B6E34E = {isa = PBXFileReference; lastKnownFileType = sourcecode.cpp.objcpp; name = "include_juce_audio_processors.mm"; path = "../../JuceLibraryCode/include_juce_audio_processors.mm"; sourceTree = "SOURCE_ROOT"; };
		3A96FE474C20A2FECED55194 = {isa = PBXFileReference; lastKnownFileType = file; name = "juce_audio_formats"; path = "~/JUCE/modules/juce_audio_formats"; sourceTree = "<absolute>"; };
		3BD752A4E054997FB125AE8C = {isa = PBXFileReference; lastKnownFileType = wrapper.framework; name = DiscRecording.framework; path = System/Library/Frameworks/DiscRecording.framework; sourceTree = SDKROOT; };
		3EACDD4FD757D977ED95F02C = {isa = PBXFileReference; lastKnownFileType = file; name = "juce_gui_extra"; path = "~/JUCE/modules/juce_gui_extra"; sourceTree = "<absolute>"; };
		496D92F65440D59AE0532116 = {isa = PBXFileReference; lastKnownFileType = wrapper.framework; name = OpenGL.framework; path = System/Library/Frameworks/OpenGL.framework; sourceTree = SDKROOT; };
		5B2CFB4881743710985C7020 = {isa = PBXFileReference; lastKnownFileType = file; name = "juce_opengl"; path = "~/JUCE/modules/juce_opengl"; sourceTree = "<absolute>"; };
		6522A7E7B4E7AE04E97D1B2A = {isa = PBXFileReference; lastKnownFileType = file; name = "juce_audio_devices"; path = "~/JUCE/modules/juce_audio_devices"; sourceTree = "<absolute>"; };
		68620DDE912C6BEDF0462AFA = {isa = PBXFileReference; lastKnownFileType = sourcecode.cpp.objcpp; name = "include_juce_audio_formats.mm"; path = "../../JuceLibraryCode/include_juce_audio_formats.mm"; sourceTree = "SOURCE_ROOT"; };
		6CC906DC937A599A05B593FD = {isa = PBXFileReference; lastKnownFileType = file; name = "juce_events"; path = "~/JUCE/modules/juce_events"; sourceTree = "<absolute>"; };
		71118E7B409E86D4C34FED8A = {isa = PBXFileReference; lastKnownFileType = sourcecode.cpp.cpp; name = SquareWave.cpp; path = ../../Source/SquareWave.cpp; sourceTree = "SOURCE_ROOT"; };
		760B86FE7E2A98B74E845FCE = {isa = PBXFileReference; lastKnownFileType = sourcecode.cpp.cpp; name = MainGUI.cpp; path = ../../Source/MainGUI.cpp; sourceTree = "SOURCE_ROOT"; };
		79CC2F72A3A24D2486B19D48 = {isa = PBXFileReference; lastKnownFileType = sourcecode.cpp.objcpp; name = "include_juce_audio_devices.mm"; path = "../../JuceLibraryCode/include_juce_audio_devices.mm"; sourceTree = "SOURCE_ROOT"; };
		7ED4C7630C06849A5B7E7386 = {isa = PBXFileReference; lastKnownFileType = sourcecode.c.h; name = SineComponent.h; path = ../../Source/SineComponent.h; sourceTree = "SOURCE_ROOT"; };
		83C05C3FC4D1B86C29C22B0E = {isa = PBXFileReference; lastKnownFileType = wrapper.framework; name = IOKit.framework; path = System/Library/Frameworks/IOKit.framework; sourceTree = SDKROOT; };
		85FCFB25C6F410B01081A521 = {isa = PBXFileReference; lastKnownFileType = file; name = "juce_audio_utils"; path = "~/JUCE/modules/juce_audio_utils"; sourceTree = "<absolute>"; };
		89DCB06A31010DFB50917531 = {isa = PBXFileReference; lastKnownFileType = sourcecode.cpp.objcpp; name = "include_juce_core.mm"; path = "../../JuceLibraryCode/include_juce_core.mm"; sourceTree = "SOURCE_ROOT"; };
		8BA38CA98DBA04BF2D5ABA5F = {isa = PBXFileReference; lastKnownFileType = wrapper.framework; name = AVKit.framework; path = System/Library/Frameworks/AVKit.framework; sourceTree = SDKROOT; };
		8FAA2F47C231040C76E67881 = {isa = PBXFileReference; lastKnownFileType = sourcecode.c.h; name = SquareWave.h; path = ../../Source/SquareWave.h; sourceTree = "SOURCE_ROOT"; };
		927CD64A1708796FA02899F2 = {isa = PBXFileReference; lastKnownFileType = file; name = "juce_data_structures"; path = "~/JUCE/modules/juce_data_structures"; sourceTree = "<absolute>"; };
		939C921ACEEDC0A2C9899DFD = {isa = PBXFileReference; lastKnownFileType = sourcecode.cpp.objcpp; name = "include_juce_gui_basics.mm"; path = "../../JuceLibraryCode/include_juce_gui_basics.mm"; sourceTree = "SOURCE_ROOT"; };
		99F1BA37C4669AA6E864E7F0 = {isa = PBXFileReference; lastKnownFileType = sourcecode.cpp.objcpp; name = "include_juce_audio_utils.mm"; path = "../../JuceLibraryCode/include_juce_audio_utils.mm"; sourceTree = "SOURCE_ROOT"; };
		9C5948B45D449C9CF54E6800 = {isa = PBXFileReference; lastKnownFileType = sourcecode.cpp.objcpp; name = "include_juce_audio_basics.mm"; path = "../../JuceLibraryCode/include_juce_audio_basics.mm"; sourceTree = "SOURCE_ROOT"; };
		9DCF7C9A1D6A3579CC77639A = {isa = PBXFileReference; lastKnownFileType = wrapper.framework; name = CoreMIDI.framework; path = System/Library/Frameworks/CoreMIDI.framework; sourceTree = SDKROOT; };
		9F79A370679660D8383B0DB6 = {isa = PBXFileReference; lastKnownFileType = file; name = "juce_osc"; path = "~/JUCE/modules/juce_osc"; sourceTree = "<absolute>"; };
		B499B49397AF41C49565EFF5 = {isa = PBXFileReference; lastKnownFileType = sourcecode.cpp.objcpp; name = "include_juce_video.mm"; path = "../../JuceLibraryCode/include_juce_video.mm"; sourceTree = "SOURCE_ROOT"; };
		B97CEB11CD303F89D0EEB9DB = {isa = PBXFileReference; lastKnownFileType = sourcecode.cpp.objcpp; name = "include_juce_data_structures.mm"; path = "../../JuceLibraryCode/include_juce_data_structures.mm"; sourceTree = "SOURCE_ROOT"; };
		BC4E9CEEB33707DDD68CFA63 = {isa = PBXFileReference; lastKnownFileType = sourcecode.cpp.objcpp; name = "include_juce_events.mm"; path = "../../JuceLibraryCode/include_juce_events.mm"; sourceTree = "SOURCE_ROOT"; };
		C12E6ED3948BD592AFF5DD10 = {isa = PBXFileReference; lastKnownFileType = wrapper.framework; name = QuartzCore.framework; path = System/Library/Frameworks/QuartzCore.framework; sourceTree = SDKROOT; };
		C6217B919831C1EDA58BA5B2 = {isa = PBXFileReference; lastKnownFileType = file; name = "juce_video"; path = "~/JUCE/modules/juce_video"; sourceTree = "<absolute>"; };
		CBC4D8AD1ADC99C7C8B00229 = {isa = PBXFileReference; lastKnownFileType = file; name = "juce_cryptography"; path = "~/JUCE/modules/juce_cryptography"; sourceTree = "<absolute>"; };
		CD47430344EB8DCD08BC163C = {isa = PBXFileReference; lastKnownFileType = file; name = "juce_core"; path = "~/JUCE/modules/juce_core"; sourceTree = "<absolute>"; };
		D215EF820ECB23A689716FA9 = {isa = PBXFileReference; lastKnownFileType = text.plist.xml; name = "Info-App.plist"; path = "Info-App.plist"; sourceTree = "SOURCE_ROOT"; };
		D33DC921CE1AE913DB2C3847 = {isa = PBXFileReference; lastKnownFileType = sourcecode.cpp.cpp; name = Main.cpp; path = ../../Source/Main.cpp; sourceTree = "SOURCE_ROOT"; };
		D81D3D516EC8DCA1AC97A8EF = {isa = PBXFileReference; lastKnownFileType = wrapper.framework; name = CoreMedia.framework; path = System/Library/Frameworks/CoreMedia.framework; sourceTree = SDKROOT; };
		DA88F1101B7B5BFF058655F0 = {isa = PBXFileReference; explicitFileType = wrapper.application; includeInIndex = 0; path = "pi-theremin.app"; sourceTree = "BUILT_PRODUCTS_DIR"; };
		DB04FDCA92E280C6C5B7980C = {isa = PBXFileReference; lastKnownFileType = sourcecode.cpp.objcpp; name = "include_juce_opengl.mm"; path = "../../JuceLibraryCode/include_juce_opengl.mm"; sourceTree = "SOURCE_ROOT"; };
		DEDE8B634BB4093A86CB7EFA = {isa = PBXFileReference; lastKnownFileType = file.nib; name = RecentFilesMenuTemplate.nib; path = RecentFilesMenuTemplate.nib; sourceTree = "SOURCE_ROOT"; };
		EBB83331934267AA2490D4F9 = {isa = PBXFileReference; lastKnownFileType = sourcecode.cpp.objcpp; name = "include_juce_gui_extra.mm"; path = "../../JuceLibraryCode/include_juce_gui_extra.mm"; sourceTree = "SOURCE_ROOT"; };
		EC0D21470CA55F6F0074A238 = {isa = PBXFileReference; lastKnownFileType = file; name = "juce_audio_basics"; path = "~/JUCE/modules/juce_audio_basics"; sourceTree = "<absolute>"; };
		EC27D8CC6F16C1D496B4774D = {isa = PBXFileReference; lastKnownFileType = sourcecode.cpp.objcpp; name = "include_juce_graphics.mm"; path = "../../JuceLibraryCode/include_juce_graphics.mm"; sourceTree = "SOURCE_ROOT"; };
		ECC1C2A8AC1BAB2A071AAF8E = {isa = PBXFileReference; lastKnownFileType = file; name = "juce_graphics"; path = "~/JUCE/modules/juce_graphics"; sourceTree = "<absolute>"; };
		ED6B8408AADF86306EE34BC6 = {isa = PBXFileReference; lastKnownFileType = sourcecode.cpp.cpp; name = MainComponent.cpp; path = ../../Source/MainComponent.cpp; sourceTree = "SOURCE_ROOT"; };
		FAECAA8D8A946525002B3A88 = {isa = PBXFileReference; lastKnownFileType = sourcecode.cpp.objcpp; name = "include_juce_cryptography.mm"; path = "../../JuceLibraryCode/include_juce_cryptography.mm"; sourceTree = "SOURCE_ROOT"; };
		FAFA1FE4653DE17AE229A760 = {isa = PBXFileReference; lastKnownFileType = wrapper.framework; name = CoreAudio.framework; path = System/Library/Frameworks/CoreAudio.framework; sourceTree = SDKROOT; };
		FDAB78DC9464EE5B15401C32 = {isa = PBXFileReference; lastKnownFileType = file; name = "juce_gui_basics"; path = "~/JUCE/modules/juce_gui_basics"; sourceTree = "<absolute>"; };
		FFBC5E23BB2BF37D097698E2 = {isa = PBXFileReference; lastKnownFileType = sourcecode.c.h; name = HarmonizerComponent.h; path = ../../Source/HarmonizerComponent.h; sourceTree = "SOURCE_ROOT"; };
		FF23067496EBC43395A49BBA = {isa = PBXGroup; children = (
					ED6B8408AADF86306EE34BC6,
					D33DC921CE1AE913DB2C3847, ); name = Source; sourceTree = "<group>"; };
		063162D450076E3BB2FDDFE3 = {isa = PBXGroup; children = (
					FF23067496EBC43395A49BBA,
					02653729C525A8C9920B535F,
					FFBC5E23BB2BF37D097698E2,
					760B86FE7E2A98B74E845FCE,
					340096355229A40A840862A5,
					20BACA9626428022B4DE48D3,
					7ED4C7630C06849A5B7E7386,
					71118E7B409E86D4C34FED8A,
					8FAA2F47C231040C76E67881, ); name = "pi-theremin"; sourceTree = "<group>"; };
		A1A876D14E2B3FBC2C45918A = {isa = PBXGroup; children = (
					EC0D21470CA55F6F0074A238,
					6522A7E7B4E7AE04E97D1B2A,
					3A96FE474C20A2FECED55194,
					187C6E9A29090882DFD8A27F,
					85FCFB25C6F410B01081A521,
					CD47430344EB8DCD08BC163C,
					CBC4D8AD1ADC99C7C8B00229,
					927CD64A1708796FA02899F2,
					6CC906DC937A599A05B593FD,
					ECC1C2A8AC1BAB2A071AAF8E,
					FDAB78DC9464EE5B15401C32,
					3EACDD4FD757D977ED95F02C,
					5B2CFB4881743710985C7020,
					9F79A370679660D8383B0DB6,
					C6217B919831C1EDA58BA5B2, ); name = "Juce Modules"; sourceTree = "<group>"; };
		DAC624C20F28CC623DD77589 = {isa = PBXGroup; children = (
					2A969EB9E41032E9408648F9,
					9C5948B45D449C9CF54E6800,
					79CC2F72A3A24D2486B19D48,
					68620DDE912C6BEDF0462AFA,
					37445610AB0255EAC8B6E34E,
					99F1BA37C4669AA6E864E7F0,
					89DCB06A31010DFB50917531,
					FAECAA8D8A946525002B3A88,
					B97CEB11CD303F89D0EEB9DB,
					BC4E9CEEB33707DDD68CFA63,
					EC27D8CC6F16C1D496B4774D,
					939C921ACEEDC0A2C9899DFD,
					EBB83331934267AA2490D4F9,
					DB04FDCA92E280C6C5B7980C,
					09838A1624DE45B2F2B586F0,
					B499B49397AF41C49565EFF5,
					0ECA21BDDF8F9A36F7941408, ); name = "Juce Library Code"; sourceTree = "<group>"; };
		ACF7B0A98E0C2353BF2335D7 = {isa = PBXGroup; children = (
					D215EF820ECB23A689716FA9,
					DEDE8B634BB4093A86CB7EFA, ); name = Resources; sourceTree = "<group>"; };
		1DBC2FA47E75081677F4B701 = {isa = PBXGroup; children = (
					295F88772FE5C5660E01903A,
					34D9D3C9251DD39D1F5D1D44,
					0B56616C1C623A66CE8D7E0C,
					8BA38CA98DBA04BF2D5ABA5F,
					00496331E94C55D117CC1EAC,
					21CD982BED0A1E73B17BC0EC,
					FAFA1FE4653DE17AE229A760,
					D81D3D516EC8DCA1AC97A8EF,
					9DCF7C9A1D6A3579CC77639A,
					3BD752A4E054997FB125AE8C,
					83C05C3FC4D1B86C29C22B0E,
					496D92F65440D59AE0532116,
					C12E6ED3948BD592AFF5DD10,
					29069AF84440AF26205386E9, ); name = Frameworks; sourceTree = "<group>"; };
		56037C7D5239DB7ABADB3859 = {isa = PBXGroup; children = (
					DA88F1101B7B5BFF058655F0, ); name = Products; sourceTree = "<group>"; };
		9EB923624CAD711E1187DA36 = {isa = PBXGroup; children = (
					063162D450076E3BB2FDDFE3,
					A1A876D14E2B3FBC2C45918A,
					DAC624C20F28CC623DD77589,
					ACF7B0A98E0C2353BF2335D7,
					1DBC2FA47E75081677F4B701,
					56037C7D5239DB7ABADB3859, ); name = Source; sourceTree = "<group>"; };
		A2D1D2CA007C2BDFE63775A8 = {isa = XCBuildConfiguration; buildSettings = {
				CLANG_CXX_LANGUAGE_STANDARD = "c++11";
				CLANG_LINK_OBJC_RUNTIME = NO;
				COMBINE_HIDPI_IMAGES = YES;
				CONFIGURATION_BUILD_DIR = "$(PROJECT_DIR)/build/$(CONFIGURATION)";
				COPY_PHASE_STRIP = NO;
				GCC_DYNAMIC_NO_PIC = NO;
				GCC_OPTIMIZATION_LEVEL = 0;
				GCC_PREPROCESSOR_DEFINITIONS = (
					"_DEBUG=1",
					"DEBUG=1",
					"JUCER_XCODE_MAC_F6D2F4CF=1",
					"JUCE_APP_VERSION=1.0.0",
					"JUCE_APP_VERSION_HEX=0x10000",
					"JucePlugin_Build_VST=0",
					"JucePlugin_Build_VST3=0",
					"JucePlugin_Build_AU=0",
					"JucePlugin_Build_AUv3=0",
					"JucePlugin_Build_RTAS=0",
					"JucePlugin_Build_AAX=0",
					"JucePlugin_Build_Standalone=0", );
				GCC_VERSION = com.apple.compilers.llvm.clang.1_0;
				HEADER_SEARCH_PATHS = ("../../JuceLibraryCode", "~/JUCE/modules", "$(inherited)");
				INFOPLIST_FILE = Info-App.plist;
				INFOPLIST_PREPROCESS = NO;
				INSTALL_PATH = "$(HOME)/Applications";
				MACOSX_DEPLOYMENT_TARGET = 10.11;
				MACOSX_DEPLOYMENT_TARGET_ppc = 10.4;
				PRODUCT_BUNDLE_IDENTIFIER = com.yourcompany.pitheremin;
				SDKROOT_ppc = macosx10.5;
				USE_HEADERMAP = NO; }; name = Debug; };
		DB38812F628815B6ACB5CC83 = {isa = XCBuildConfiguration; buildSettings = {
				CLANG_CXX_LANGUAGE_STANDARD = "c++11";
				CLANG_LINK_OBJC_RUNTIME = NO;
				COMBINE_HIDPI_IMAGES = YES;
				CONFIGURATION_BUILD_DIR = "$(PROJECT_DIR)/build/$(CONFIGURATION)";
				DEAD_CODE_STRIPPING = YES;
				GCC_GENERATE_DEBUGGING_SYMBOLS = NO;
				GCC_OPTIMIZATION_LEVEL = 3;
				GCC_PREPROCESSOR_DEFINITIONS = (
					"_NDEBUG=1",
					"NDEBUG=1",
					"JUCER_XCODE_MAC_F6D2F4CF=1",
					"JUCE_APP_VERSION=1.0.0",
					"JUCE_APP_VERSION_HEX=0x10000",
					"JucePlugin_Build_VST=0",
					"JucePlugin_Build_VST3=0",
					"JucePlugin_Build_AU=0",
					"JucePlugin_Build_AUv3=0",
					"JucePlugin_Build_RTAS=0",
					"JucePlugin_Build_AAX=0",
					"JucePlugin_Build_Standalone=0", );
				GCC_SYMBOLS_PRIVATE_EXTERN = YES;
				GCC_VERSION = com.apple.compilers.llvm.clang.1_0;
				HEADER_SEARCH_PATHS = ("../../JuceLibraryCode", "~/JUCE/modules", "$(inherited)");
				INFOPLIST_FILE = Info-App.plist;
				INFOPLIST_PREPROCESS = NO;
				INSTALL_PATH = "$(HOME)/Applications";
				LLVM_LTO = YES;
				MACOSX_DEPLOYMENT_TARGET = 10.11;
				MACOSX_DEPLOYMENT_TARGET_ppc = 10.4;
				PRODUCT_BUNDLE_IDENTIFIER = com.yourcompany.pitheremin;
				SDKROOT_ppc = macosx10.5;
				USE_HEADERMAP = NO; }; name = Release; };
		EC1BBE8CA962918C28EE4483 = {isa = XCBuildConfiguration; buildSettings = {
				ALWAYS_SEARCH_USER_PATHS = NO;
				CLANG_WARN_BLOCK_CAPTURE_AUTORELEASING = YES;
				CLANG_WARN_BOOL_CONVERSION = YES;
				CLANG_WARN_COMMA = YES;
				CLANG_WARN_CONSTANT_CONVERSION = YES;
				CLANG_WARN_EMPTY_BODY = YES;
				CLANG_WARN_ENUM_CONVERSION = YES;
				CLANG_WARN_INFINITE_RECURSION = YES;
				CLANG_WARN_INT_CONVERSION = YES;
				CLANG_WARN_NON_LITERAL_NULL_CONVERSION = YES;
				CLANG_WARN_OBJC_LITERAL_CONVERSION = YES;
				CLANG_WARN_RANGE_LOOP_ANALYSIS = YES;
				CLANG_WARN_STRICT_PROTOTYPES = YES;
				CLANG_WARN_SUSPICIOUS_MOVE = YES;
				CLANG_WARN_UNREACHABLE_CODE = YES;
				CLANG_WARN__DUPLICATE_METHOD_MATCH = YES;
				DEBUG_INFORMATION_FORMAT = "dwarf";
				ENABLE_STRICT_OBJC_MSGSEND = YES;
				ENABLE_TESTABILITY = YES;
				GCC_C_LANGUAGE_STANDARD = c11;
				GCC_INLINES_ARE_PRIVATE_EXTERN = YES;
				GCC_MODEL_TUNING = G5;
				GCC_NO_COMMON_BLOCKS = YES;
				GCC_WARN_64_TO_32_BIT_CONVERSION = YES;
				GCC_WARN_ABOUT_RETURN_TYPE = YES;
				GCC_WARN_CHECK_SWITCH_STATEMENTS = YES;
				GCC_WARN_MISSING_PARENTHESES = YES;
				GCC_WARN_NON_VIRTUAL_DESTRUCTOR = YES;
				GCC_WARN_TYPECHECK_CALLS_TO_PRINTF = YES;
				GCC_WARN_UNDECLARED_SELECTOR = YES;
				GCC_WARN_UNINITIALIZED_AUTOS = YES;
				GCC_WARN_UNUSED_FUNCTION = YES;
				GCC_WARN_UNUSED_VARIABLE = YES;
				ONLY_ACTIVE_ARCH = YES;
				PRODUCT_NAME = "pi-theremin";
				WARNING_CFLAGS = -Wreorder;
				ZERO_LINK = NO; }; name = Debug; };
		C7DBE7879E4A3351D51FFEF0 = {isa = XCBuildConfiguration; buildSettings = {
				ALWAYS_SEARCH_USER_PATHS = NO;
				CLANG_WARN_BLOCK_CAPTURE_AUTORELEASING = YES;
				CLANG_WARN_BOOL_CONVERSION = YES;
				CLANG_WARN_COMMA = YES;
				CLANG_WARN_CONSTANT_CONVERSION = YES;
				CLANG_WARN_EMPTY_BODY = YES;
				CLANG_WARN_ENUM_CONVERSION = YES;
				CLANG_WARN_INFINITE_RECURSION = YES;
				CLANG_WARN_INT_CONVERSION = YES;
				CLANG_WARN_NON_LITERAL_NULL_CONVERSION = YES;
				CLANG_WARN_OBJC_LITERAL_CONVERSION = YES;
				CLANG_WARN_RANGE_LOOP_ANALYSIS = YES;
				CLANG_WARN_STRICT_PROTOTYPES = YES;
				CLANG_WARN_SUSPICIOUS_MOVE = YES;
				CLANG_WARN_UNREACHABLE_CODE = YES;
				CLANG_WARN__DUPLICATE_METHOD_MATCH = YES;
				DEBUG_INFORMATION_FORMAT = "dwarf";
				ENABLE_STRICT_OBJC_MSGSEND = YES;
				GCC_C_LANGUAGE_STANDARD = c11;
				GCC_INLINES_ARE_PRIVATE_EXTERN = YES;
				GCC_MODEL_TUNING = G5;
				GCC_NO_COMMON_BLOCKS = YES;
				GCC_WARN_64_TO_32_BIT_CONVERSION = YES;
				GCC_WARN_ABOUT_RETURN_TYPE = YES;
				GCC_WARN_CHECK_SWITCH_STATEMENTS = YES;
				GCC_WARN_MISSING_PARENTHESES = YES;
				GCC_WARN_NON_VIRTUAL_DESTRUCTOR = YES;
				GCC_WARN_TYPECHECK_CALLS_TO_PRINTF = YES;
				GCC_WARN_UNDECLARED_SELECTOR = YES;
				GCC_WARN_UNINITIALIZED_AUTOS = YES;
				GCC_WARN_UNUSED_FUNCTION = YES;
				GCC_WARN_UNUSED_VARIABLE = YES;
				PRODUCT_NAME = "pi-theremin";
				WARNING_CFLAGS = -Wreorder;
				ZERO_LINK = NO; }; name = Release; };
		48135EC697CE3B361C377ADF = {isa = PBXTargetDependency; target = 81A53EDC9A23FB472E2D6905; };
		D7055DD39F110EB117F157A5 = {isa = XCConfigurationList; buildConfigurations = (
					EC1BBE8CA962918C28EE4483,
					C7DBE7879E4A3351D51FFEF0, ); defaultConfigurationIsVisible = 0; defaultConfigurationName = Debug; };
		09314D744E038D8571FCBD2F = {isa = XCConfigurationList; buildConfigurations = (
					A2D1D2CA007C2BDFE63775A8,
					DB38812F628815B6ACB5CC83, ); defaultConfigurationIsVisible = 0; defaultConfigurationName = Debug; };
		AC261CCD3A08C2B3E861A207 = {isa = PBXResourcesBuildPhase; buildActionMask = 2147483647; files = (
					24B79368B238939E60858ED1, ); runOnlyForDeploymentPostprocessing = 0; };
		9FAB2C7C898354F730DAB90B = {isa = PBXSourcesBuildPhase; buildActionMask = 2147483647; files = (
					709CB9B6E6CA7DAC2245B853,
					A76EA922F06E2C69EFFC37DB,
					B2E5E82509914CA3CABF8902,
					BA653E50D64738FC836FC060,
					1F8EB34FA1930725EE7F7201,
					87F14B497CC59973110F6589,
					3A95DEE4942B55E51C0DA66A,
					6BDC13B26726B36EE3633D22,
					B6AEDB5312E0D80F7CF06704,
					FDE95A8A4E7151164BA2780E,
					F4644A8CB9BE0FC6CFE0F67D,
					14972CB77498379FD34C4DAC,
					EE289578438EBE6511D60A78,
					405A60B1B88DF7686355D923,
					4F70F5A0B93E604974D09511,
					C403D1C230F8388A3CA396CE,
					6CE1744911CBFD36631464C3,
					D47A83537EDA8960D06C8505,
					4805D7ADA8C554DF5DA00128,
					FA722220F96E5DE0EA7C2BF9,
					EA1115B04BC3C22C9AC8B7E0, ); runOnlyForDeploymentPostprocessing = 0; };
		63BB441DA1B27CDD3CF64C1C = {isa = PBXFrameworksBuildPhase; buildActionMask = 2147483647; files = (
					85E8CA382FB113E3469AAD47,
					FCAEC4C28AC99D993FF717D9,
					D0A8097BEFA944044CA18F04,
					D39786FFCAB6011FD61F5292,
					BF7A872A761B0A8DF7310402,
					5FBDB86BCCDD5531FC8603D2,
					3C681F030ABF2F343390EDC6,
					11FAC163D383B9681C37223F,
					C9246371F76FCF95E7FF7D2B,
					7922A56E5E6AE0118B1C3425,
					AEBB8F3F55560B77712E88C9,
					F27B638325B8850821D047EF,
					4ADC22F21F41354E4FECC195,
					CFF71034255D6D9834E529DA, ); runOnlyForDeploymentPostprocessing = 0; };
		81A53EDC9A23FB472E2D6905 = {isa = PBXNativeTarget; buildConfigurationList = 09314D744E038D8571FCBD2F; buildPhases = (
					AC261CCD3A08C2B3E861A207,
					9FAB2C7C898354F730DAB90B,
					63BB441DA1B27CDD3CF64C1C, ); buildRules = ( ); dependencies = (  ); name = "pi-theremin - App"; productName = "pi-theremin"; productReference = DA88F1101B7B5BFF058655F0; productType = "com.apple.product-type.application"; };
		A813AF93E2CBF324A95A6E41 = {isa = PBXProject; buildConfigurationList = D7055DD39F110EB117F157A5; attributes = { LastUpgradeCheck = 0830; TargetAttributes = { 81A53EDC9A23FB472E2D6905 = { SystemCapabilities = {com.apple.ApplicationGroups.iOS = { enabled = 0; }; com.apple.InAppPurchase = { enabled = 0; }; com.apple.InterAppAudio = { enabled = 0; }; com.apple.Push = { enabled = 0; }; com.apple.Sandbox = { enabled = 0; }; }; }; }; }; compatibilityVersion = "Xcode 3.2"; hasScannedForEncodings = 0; mainGroup = 9EB923624CAD711E1187DA36; projectDirPath = ""; projectRoot = ""; targets = (81A53EDC9A23FB472E2D6905); };
	};
	rootObject = A813AF93E2CBF324A95A6E41;
}
